
Microsoft Visual Studio Solution File, Format Version 12.00
# Visual Studio Version 16
VisualStudioVersion = 16.0.31702.278
MinimumVisualStudioVersion = 10.0.40219.1
Project("{FAE04EC0-301F-11D3-BF4B-00C04F79EFBC}") = "Vista", "Vista\Vista.csproj", "{8E585D79-5AE1-4BAE-90D6-67C445046AB5}"
EndProject
Project("{FAE04EC0-301F-11D3-BF4B-00C04F79EFBC}") = "Biblioteca", "Biblioteca\Biblioteca.csproj", "{73095163-F62F-400B-8D5C-1FF1729F19DD}"
EndProject
Global
	GlobalSection(SolutionConfigurationPlatforms) = preSolution
		Debug|Any CPU = Debug|Any CPU
		Release|Any CPU = Release|Any CPU
	EndGlobalSection
	GlobalSection(ProjectConfigurationPlatforms) = postSolution
		{8E585D79-5AE1-4BAE-90D6-67C445046AB5}.Debug|Any CPU.ActiveCfg = Debug|Any CPU
		{8E585D79-5AE1-4BAE-90D6-67C445046AB5}.Debug|Any CPU.Build.0 = Debug|Any CPU
		{8E585D79-5AE1-4BAE-90D6-67C445046AB5}.Release|Any CPU.ActiveCfg = Release|Any CPU
		{8E585D79-5AE1-4BAE-90D6-67C445046AB5}.Release|Any CPU.Build.0 = Release|Any CPU
		{73095163-F62F-400B-8D5C-1FF1729F19DD}.Debug|Any CPU.ActiveCfg = Debug|Any CPU
		{73095163-F62F-400B-8D5C-1FF1729F19DD}.Debug|Any CPU.Build.0 = Debug|Any CPU
		{73095163-F62F-400B-8D5C-1FF1729F19DD}.Release|Any CPU.ActiveCfg = Release|Any CPU
		{73095163-F62F-400B-8D5C-1FF1729F19DD}.Release|Any CPU.Build.0 = Release|Any CPU
	EndGlobalSection
	GlobalSection(SolutionProperties) = preSolution
		HideSolutionNode = FALSE
	EndGlobalSection
	GlobalSection(ExtensibilityGlobals) = postSolution
		SolutionGuid = {CDF6D00B-18D4-49EE-A629-7C51C2A70204}
	EndGlobalSection
EndGlobal
